
Microsoft Visual Studio Solution File, Format Version 12.00
# Visual Studio 2012
Project("{FAE04EC0-301F-11D3-BF4B-00C04F79EFBC}") = "Concert2Go", "Concert2Go\Concert2Go.csproj", "{70795495-C0D5-41B4-86D9-60BBBF126D25}"
EndProject
Project("{FAE04EC0-301F-11D3-BF4B-00C04F79EFBC}") = "Concert2Go.UITests", "Concert2Go.UITests\Concert2Go.UITests.csproj", "{E55433CA-2F7A-41EA-8300-A4B88ED9FC50}"
EndProject
Global
	GlobalSection(SolutionConfigurationPlatforms) = preSolution
		Debug|Any CPU = Debug|Any CPU
		Release|Any CPU = Release|Any CPU
	EndGlobalSection
	GlobalSection(ProjectConfigurationPlatforms) = postSolution
		{70795495-C0D5-41B4-86D9-60BBBF126D25}.Debug|Any CPU.ActiveCfg = Debug|Any CPU
		{70795495-C0D5-41B4-86D9-60BBBF126D25}.Debug|Any CPU.Build.0 = Debug|Any CPU
		{70795495-C0D5-41B4-86D9-60BBBF126D25}.Release|Any CPU.ActiveCfg = Release|Any CPU
		{70795495-C0D5-41B4-86D9-60BBBF126D25}.Release|Any CPU.Build.0 = Release|Any CPU
		{E55433CA-2F7A-41EA-8300-A4B88ED9FC50}.Debug|Any CPU.ActiveCfg = Debug|Any CPU
		{E55433CA-2F7A-41EA-8300-A4B88ED9FC50}.Debug|Any CPU.Build.0 = Debug|Any CPU
		{E55433CA-2F7A-41EA-8300-A4B88ED9FC50}.Release|Any CPU.ActiveCfg = Release|Any CPU
		{E55433CA-2F7A-41EA-8300-A4B88ED9FC50}.Release|Any CPU.Build.0 = Release|Any CPU
	EndGlobalSection
EndGlobal
